
Microsoft Visual Studio Solution File, Format Version 12.00
# Visual Studio Version 17
VisualStudioVersion = 17.8.34525.116
MinimumVisualStudioVersion = 10.0.40219.1
Project("{9A19103F-16F7-4668-BE54-9A1E7A4F7556}") = "CalculatorApp", "CalculatorApp.csproj", "{B5B5122D-42A3-46CC-A195-9C679D6B1E1D}"
EndProject
Project("{FAE04EC0-301F-11D3-BF4B-00C04F79EFBC}") = "CalculatorApp.Tests", "..\CalculatorApp.Tests\CalculatorApp.Tests.csproj", "{B742B405-49D7-48D0-93DB-B079D1597D61}"
	ProjectSection(ProjectDependencies) = postProject
		{B5B5122D-42A3-46CC-A195-9C679D6B1E1D} = {B5B5122D-42A3-46CC-A195-9C679D6B1E1D}
	EndProjectSection
EndProject
Global
	GlobalSection(SolutionConfigurationPlatforms) = preSolution
		Debug|Any CPU = Debug|Any CPU
		Release|Any CPU = Release|Any CPU
	EndGlobalSection
	GlobalSection(ProjectConfigurationPlatforms) = postSolution
		{B5B5122D-42A3-46CC-A195-9C679D6B1E1D}.Debug|Any CPU.ActiveCfg = Debug|Any CPU
		{B5B5122D-42A3-46CC-A195-9C679D6B1E1D}.Debug|Any CPU.Build.0 = Debug|Any CPU
		{B5B5122D-42A3-46CC-A195-9C679D6B1E1D}.Release|Any CPU.ActiveCfg = Release|Any CPU
		{B5B5122D-42A3-46CC-A195-9C679D6B1E1D}.Release|Any CPU.Build.0 = Release|Any CPU
		{B742B405-49D7-48D0-93DB-B079D1597D61}.Debug|Any CPU.ActiveCfg = Debug|Any CPU
		{B742B405-49D7-48D0-93DB-B079D1597D61}.Debug|Any CPU.Build.0 = Debug|Any CPU
		{B742B405-49D7-48D0-93DB-B079D1597D61}.Release|Any CPU.ActiveCfg = Release|Any CPU
		{B742B405-49D7-48D0-93DB-B079D1597D61}.Release|Any CPU.Build.0 = Release|Any CPU
	EndGlobalSection
	GlobalSection(SolutionProperties) = preSolution
		HideSolutionNode = FALSE
	EndGlobalSection
	GlobalSection(ExtensibilityGlobals) = postSolution
		SolutionGuid = {14C60DF7-1FDF-49B1-B5EE-18F48C5D7FF5}
	EndGlobalSection
EndGlobal
